{
  "name": "servicetrade-nodejs",
  "version": "1.0.2",
  "lockfileVersion": 1,
  "requires": true,
  "dependencies": {
    "axios": {
      "version": "0.20.0",
      "resolved": "https://registry.npmjs.org/axios/-/axios-0.20.0.tgz",
      "integrity": "sha512-ANA4rr2BDcmmAQLOKft2fufrtuvlqR+cXNNinUmvfeSNCOF98PZL+7M/v1zIdGo7OLjEA9J2gXJL+j4zGsl0bA==",
      "requires": {
        "follow-redirects": "^1.10.0"
      }
    },
    "axios-auth-refresh": {
      "version": "3.0.0",
      "resolved": "https://registry.npmjs.org/axios-auth-refresh/-/axios-auth-refresh-3.0.0.tgz",
      "integrity": "sha512-0XJnJY711f7opdT+b/au/xw1g4MYrjntXB8Oy5l48plbzOWLjUtJ+m8CtiNLgN3MAvGFJ/Q1NtQ7WKf2euKu6g=="
    },
    "follow-redirects": {
      "version": "1.13.0",
      "resolved": "https://registry.npmjs.org/follow-redirects/-/follow-redirects-1.13.0.tgz",
      "integrity": "sha512-aq6gF1BEKje4a9i9+5jimNFIpq4Q1WiwBToeRK5NvZBd/TRsmW8BsJfOEGkr76TbOyPVD3OVDN910EcUNtRYEA=="
    }
  }
}
